
Microsoft Visual Studio Solution File, Format Version 12.00
# Visual Studio Version 17
Project("{8BC9CEB8-8B4A-11D0-8D11-00A0C91BC942}") = "ALL_BUILD", "ALL_BUILD.vcxproj", "{D3026411-02BF-3DE9-9295-C7DAECBF3726}"
	ProjectSection(ProjectDependencies) = postProject
		{BE608E4A-9EAA-3774-84E3-866D0DC84F89} = {BE608E4A-9EAA-3774-84E3-866D0DC84F89}
		{FB6E69B1-4BFE-3AA9-91A9-9111E96F274F} = {FB6E69B1-4BFE-3AA9-91A9-9111E96F274F}
		{A3910F05-5C9A-36A1-9FC6-F4574CDB30D9} = {A3910F05-5C9A-36A1-9FC6-F4574CDB30D9}
		{2062EF9A-4E13-39FE-8173-3FA45F670164} = {2062EF9A-4E13-39FE-8173-3FA45F670164}
	EndProjectSection
EndProject
Project("{8BC9CEB8-8B4A-11D0-8D11-00A0C91BC942}") = "INSTALL", "INSTALL.vcxproj", "{154FD22C-3065-302B-80E7-A0B6139B7467}"
	ProjectSection(ProjectDependencies) = postProject
		{D3026411-02BF-3DE9-9295-C7DAECBF3726} = {D3026411-02BF-3DE9-9295-C7DAECBF3726}
		{BE608E4A-9EAA-3774-84E3-866D0DC84F89} = {BE608E4A-9EAA-3774-84E3-866D0DC84F89}
	EndProjectSection
EndProject
Project("{8BC9CEB8-8B4A-11D0-8D11-00A0C91BC942}") = "ZERO_CHECK", "ZERO_CHECK.vcxproj", "{BE608E4A-9EAA-3774-84E3-866D0DC84F89}"
	ProjectSection(ProjectDependencies) = postProject
	EndProjectSection
EndProject
Project("{8BC9CEB8-8B4A-11D0-8D11-00A0C91BC942}") = "_hcle_py", "_hcle_py.vcxproj", "{FB6E69B1-4BFE-3AA9-91A9-9111E96F274F}"
	ProjectSection(ProjectDependencies) = postProject
		{BE608E4A-9EAA-3774-84E3-866D0DC84F89} = {BE608E4A-9EAA-3774-84E3-866D0DC84F89}
		{A3910F05-5C9A-36A1-9FC6-F4574CDB30D9} = {A3910F05-5C9A-36A1-9FC6-F4574CDB30D9}
	EndProjectSection
EndProject
Project("{8BC9CEB8-8B4A-11D0-8D11-00A0C91BC942}") = "hcle_core", "hcle_core.vcxproj", "{A3910F05-5C9A-36A1-9FC6-F4574CDB30D9}"
	ProjectSection(ProjectDependencies) = postProject
		{BE608E4A-9EAA-3774-84E3-866D0DC84F89} = {BE608E4A-9EAA-3774-84E3-866D0DC84F89}
	EndProjectSection
EndProject
Project("{8BC9CEB8-8B4A-11D0-8D11-00A0C91BC942}") = "hcle_test", "hcle_test.vcxproj", "{2062EF9A-4E13-39FE-8173-3FA45F670164}"
	ProjectSection(ProjectDependencies) = postProject
		{BE608E4A-9EAA-3774-84E3-866D0DC84F89} = {BE608E4A-9EAA-3774-84E3-866D0DC84F89}
		{A3910F05-5C9A-36A1-9FC6-F4574CDB30D9} = {A3910F05-5C9A-36A1-9FC6-F4574CDB30D9}
	EndProjectSection
EndProject
Global
	GlobalSection(SolutionConfigurationPlatforms) = preSolution
		Debug|x64 = Debug|x64
		Release|x64 = Release|x64
		MinSizeRel|x64 = MinSizeRel|x64
		RelWithDebInfo|x64 = RelWithDebInfo|x64
	EndGlobalSection
	GlobalSection(ProjectConfigurationPlatforms) = postSolution
		{D3026411-02BF-3DE9-9295-C7DAECBF3726}.Debug|x64.ActiveCfg = Debug|x64
		{D3026411-02BF-3DE9-9295-C7DAECBF3726}.Debug|x64.Build.0 = Debug|x64
		{D3026411-02BF-3DE9-9295-C7DAECBF3726}.Release|x64.ActiveCfg = Release|x64
		{D3026411-02BF-3DE9-9295-C7DAECBF3726}.Release|x64.Build.0 = Release|x64
		{D3026411-02BF-3DE9-9295-C7DAECBF3726}.MinSizeRel|x64.ActiveCfg = MinSizeRel|x64
		{D3026411-02BF-3DE9-9295-C7DAECBF3726}.MinSizeRel|x64.Build.0 = MinSizeRel|x64
		{D3026411-02BF-3DE9-9295-C7DAECBF3726}.RelWithDebInfo|x64.ActiveCfg = RelWithDebInfo|x64
		{D3026411-02BF-3DE9-9295-C7DAECBF3726}.RelWithDebInfo|x64.Build.0 = RelWithDebInfo|x64
		{154FD22C-3065-302B-80E7-A0B6139B7467}.Debug|x64.ActiveCfg = Debug|x64
		{154FD22C-3065-302B-80E7-A0B6139B7467}.Release|x64.ActiveCfg = Release|x64
		{154FD22C-3065-302B-80E7-A0B6139B7467}.MinSizeRel|x64.ActiveCfg = MinSizeRel|x64
		{154FD22C-3065-302B-80E7-A0B6139B7467}.RelWithDebInfo|x64.ActiveCfg = RelWithDebInfo|x64
		{BE608E4A-9EAA-3774-84E3-866D0DC84F89}.Debug|x64.ActiveCfg = Debug|x64
		{BE608E4A-9EAA-3774-84E3-866D0DC84F89}.Debug|x64.Build.0 = Debug|x64
		{BE608E4A-9EAA-3774-84E3-866D0DC84F89}.Release|x64.ActiveCfg = Release|x64
		{BE608E4A-9EAA-3774-84E3-866D0DC84F89}.Release|x64.Build.0 = Release|x64
		{BE608E4A-9EAA-3774-84E3-866D0DC84F89}.MinSizeRel|x64.ActiveCfg = MinSizeRel|x64
		{BE608E4A-9EAA-3774-84E3-866D0DC84F89}.MinSizeRel|x64.Build.0 = MinSizeRel|x64
		{BE608E4A-9EAA-3774-84E3-866D0DC84F89}.RelWithDebInfo|x64.ActiveCfg = RelWithDebInfo|x64
		{BE608E4A-9EAA-3774-84E3-866D0DC84F89}.RelWithDebInfo|x64.Build.0 = RelWithDebInfo|x64
		{FB6E69B1-4BFE-3AA9-91A9-9111E96F274F}.Debug|x64.ActiveCfg = Debug|x64
		{FB6E69B1-4BFE-3AA9-91A9-9111E96F274F}.Debug|x64.Build.0 = Debug|x64
		{FB6E69B1-4BFE-3AA9-91A9-9111E96F274F}.Release|x64.ActiveCfg = Release|x64
		{FB6E69B1-4BFE-3AA9-91A9-9111E96F274F}.Release|x64.Build.0 = Release|x64
		{FB6E69B1-4BFE-3AA9-91A9-9111E96F274F}.MinSizeRel|x64.ActiveCfg = MinSizeRel|x64
		{FB6E69B1-4BFE-3AA9-91A9-9111E96F274F}.MinSizeRel|x64.Build.0 = MinSizeRel|x64
		{FB6E69B1-4BFE-3AA9-91A9-9111E96F274F}.RelWithDebInfo|x64.ActiveCfg = RelWithDebInfo|x64
		{FB6E69B1-4BFE-3AA9-91A9-9111E96F274F}.RelWithDebInfo|x64.Build.0 = RelWithDebInfo|x64
		{A3910F05-5C9A-36A1-9FC6-F4574CDB30D9}.Debug|x64.ActiveCfg = Debug|x64
		{A3910F05-5C9A-36A1-9FC6-F4574CDB30D9}.Debug|x64.Build.0 = Debug|x64
		{A3910F05-5C9A-36A1-9FC6-F4574CDB30D9}.Release|x64.ActiveCfg = Release|x64
		{A3910F05-5C9A-36A1-9FC6-F4574CDB30D9}.Release|x64.Build.0 = Release|x64
		{A3910F05-5C9A-36A1-9FC6-F4574CDB30D9}.MinSizeRel|x64.ActiveCfg = MinSizeRel|x64
		{A3910F05-5C9A-36A1-9FC6-F4574CDB30D9}.MinSizeRel|x64.Build.0 = MinSizeRel|x64
		{A3910F05-5C9A-36A1-9FC6-F4574CDB30D9}.RelWithDebInfo|x64.ActiveCfg = RelWithDebInfo|x64
		{A3910F05-5C9A-36A1-9FC6-F4574CDB30D9}.RelWithDebInfo|x64.Build.0 = RelWithDebInfo|x64
		{2062EF9A-4E13-39FE-8173-3FA45F670164}.Debug|x64.ActiveCfg = Debug|x64
		{2062EF9A-4E13-39FE-8173-3FA45F670164}.Debug|x64.Build.0 = Debug|x64
		{2062EF9A-4E13-39FE-8173-3FA45F670164}.Release|x64.ActiveCfg = Release|x64
		{2062EF9A-4E13-39FE-8173-3FA45F670164}.Release|x64.Build.0 = Release|x64
		{2062EF9A-4E13-39FE-8173-3FA45F670164}.MinSizeRel|x64.ActiveCfg = MinSizeRel|x64
		{2062EF9A-4E13-39FE-8173-3FA45F670164}.MinSizeRel|x64.Build.0 = MinSizeRel|x64
		{2062EF9A-4E13-39FE-8173-3FA45F670164}.RelWithDebInfo|x64.ActiveCfg = RelWithDebInfo|x64
		{2062EF9A-4E13-39FE-8173-3FA45F670164}.RelWithDebInfo|x64.Build.0 = RelWithDebInfo|x64
	EndGlobalSection
	GlobalSection(ExtensibilityGlobals) = postSolution
		SolutionGuid = {5AB061ED-A3FC-360A-B92D-D0F112C25EA8}
	EndGlobalSection
	GlobalSection(ExtensibilityAddIns) = postSolution
	EndGlobalSection
EndGlobal
